
Microsoft Visual Studio Solution File, Format Version 12.00
Project("{FAE04EC0-301F-11D3-BF4B-00C04F79EFBC}") = "ELibCode", "ELibCode\ELibCode.csproj", "{4AC23121-7562-4E1B-A1F9-6E65E2A7B122}"
EndProject
Project("{FAE04EC0-301F-11D3-BF4B-00C04F79EFBC}") = "TestApp", "TestApp\TestApp.csproj", "{7A37FF45-85F3-4288-9F66-C5AB68942D12}"
EndProject
Global
	GlobalSection(SolutionConfigurationPlatforms) = preSolution
		Debug|Any CPU = Debug|Any CPU
		Release|Any CPU = Release|Any CPU
	EndGlobalSection
	GlobalSection(ProjectConfigurationPlatforms) = postSolution
		{4AC23121-7562-4E1B-A1F9-6E65E2A7B122}.Debug|Any CPU.ActiveCfg = Debug|Any CPU
		{4AC23121-7562-4E1B-A1F9-6E65E2A7B122}.Debug|Any CPU.Build.0 = Debug|Any CPU
		{4AC23121-7562-4E1B-A1F9-6E65E2A7B122}.Release|Any CPU.ActiveCfg = Release|Any CPU
		{4AC23121-7562-4E1B-A1F9-6E65E2A7B122}.Release|Any CPU.Build.0 = Release|Any CPU
		{7A37FF45-85F3-4288-9F66-C5AB68942D12}.Debug|Any CPU.ActiveCfg = Debug|Any CPU
		{7A37FF45-85F3-4288-9F66-C5AB68942D12}.Debug|Any CPU.Build.0 = Debug|Any CPU
		{7A37FF45-85F3-4288-9F66-C5AB68942D12}.Release|Any CPU.ActiveCfg = Release|Any CPU
		{7A37FF45-85F3-4288-9F66-C5AB68942D12}.Release|Any CPU.Build.0 = Release|Any CPU
	EndGlobalSection
EndGlobal
